{
  "name": "modulec",
  "version": "1.0.0",
  "lockfileVersion": 2,
  "requires": true,
  "packages": {
    "": {
      "name": "modulec",
      "version": "1.0.0",
      "license": "ISC",
      "dependencies": {
        "modulea": "github:SPxiaomin/moduleA#v2"
      }
    },
    "node_modules/modulea": {
      "version": "1.0.0",
      "resolved": "git+ssh://git@github.com/SPxiaomin/moduleA.git#0e65cbb533123e30e70fb72084a4293ab9457be5",
      "license": "ISC"
    }
  },
  "dependencies": {
    "modulea": {
      "version": "git+ssh://git@github.com/SPxiaomin/moduleA.git#0e65cbb533123e30e70fb72084a4293ab9457be5",
      "from": "modulea@SPxiaomin/moduleA#v2"
    }
  }
}
